
Microsoft Visual Studio Solution File, Format Version 11.00
# Visual Studio 2010
# SharpDevelop 4.4
Project("{FAE04EC0-301F-11D3-BF4B-00C04F79EFBC}") = "Banking_Simulator_App", "Banking_Simulator_App\Banking_Simulator_App.csproj", "{4EDDC1E1-5248-48A3-9916-EE23F35144E0}"
EndProject
Global
	GlobalSection(SolutionConfigurationPlatforms) = preSolution
		Debug|Any CPU = Debug|Any CPU
		Release|Any CPU = Release|Any CPU
	EndGlobalSection
	GlobalSection(ProjectConfigurationPlatforms) = postSolution
		{4EDDC1E1-5248-48A3-9916-EE23F35144E0}.Debug|Any CPU.Build.0 = Debug|Any CPU
		{4EDDC1E1-5248-48A3-9916-EE23F35144E0}.Debug|Any CPU.ActiveCfg = Debug|Any CPU
		{4EDDC1E1-5248-48A3-9916-EE23F35144E0}.Release|Any CPU.Build.0 = Release|Any CPU
		{4EDDC1E1-5248-48A3-9916-EE23F35144E0}.Release|Any CPU.ActiveCfg = Release|Any CPU
	EndGlobalSection
EndGlobal
